// !$*UTF8*$!
{
	archiveVersion = 1;
	classes = {
	};
	objectVersion = 46;
	objects = {

/* Begin PBXBuildFile section */
		18DFDDB91C326E0300E66ADA /* main.m in Sources */ = {isa = PBXBuildFile; fileRef = 18DFDDB81C326E0300E66ADA /* main.m */; };
		18DFDDBC1C326E0300E66ADA /* AppDelegate.m in Sources */ = {isa = PBXBuildFile; fileRef = 18DFDDBB1C326E0300E66ADA /* AppDelegate.m */; };
		18DFDDBF1C326E0300E66ADA /* ViewController.m in Sources */ = {isa = PBXBuildFile; fileRef = 18DFDDBE1C326E0300E66ADA /* ViewController.m */; };
		18DFDDC21C326E0300E66ADA /* Main.storyboard in Resources */ = {isa = PBXBuildFile; fileRef = 18DFDDC01C326E0300E66ADA /* Main.storyboard */; };
		18DFDDC41C326E0300E66ADA /* Assets.xcassets in Resources */ = {isa = PBXBuildFile; fileRef = 18DFDDC31C326E0300E66ADA /* Assets.xcassets */; };
		18DFDDC71C326E0300E66ADA /* LaunchScreen.storyboard in Resources */ = {isa = PBXBuildFile; fileRef = 18DFDDC51C326E0300E66ADA /* LaunchScreen.storyboard */; };
/* End PBXBuildFile section */

/* Begin PBXFileReference section */
		18DFDDB41C326E0300E66ADA /* abcdefg.app */ = {isa = PBXFileReference; explicitFileType = wrapper.application; includeInIndex = 0; path = abcdefg.app; sourceTree = BUILT_PRODUCTS_DIR; };
		18DFDDB81C326E0300E66ADA /* main.m */ = {isa = PBXFileReference; lastKnownFileType = sourcecode.c.objc; path = main.m; sourceTree = "<group>"; };
		18DFDDBA1C326E0300E66ADA /* AppDelegate.h */ = {isa = PBXFileReference; lastKnownFileType = sourcecode.c.h; path = AppDelegate.h; sourceTree = "<group>"; };
		18DFDDBB1C326E0300E66ADA /* AppDelegate.m */ = {isa = PBXFileReference; lastKnownFileType = sourcecode.c.objc; path = AppDelegate.m; sourceTree = "<group>"; };
		18DFDDBD1C326E0300E66ADA /* ViewController.h */ = {isa = PBXFileReference; lastKnownFileType = sourcecode.c.h; path = ViewController.h; sourceTree = "<group>"; };
		18DFDDBE1C326E0300E66ADA /* ViewController.m */ = {isa = PBXFileReference; lastKnownFileType = sourcecode.c.objc; path = ViewController.m; sourceTree = "<group>"; };
		18DFDDC11C326E0300E66ADA /* Base */ = {isa = PBXFileReference; lastKnownFileType = file.storyboard; name = Base; path = Base.lproj/Main.storyboard; sourceTree = "<group>"; };
		18DFDDC31C326E0300E66ADA /* Assets.xcassets */ = {isa = PBXFileReference; lastKnownFileType = folder.assetcatalog; path = Assets.xcassets; sourceTree = "<group>"; };
		18DFDDC61C326E0300E66ADA /* Base */ = {isa = PBXFileReference; lastKnownFileType = file.storyboard; name = Base; path = Base.lproj/LaunchScreen.storyboard; sourceTree = "<group>"; };
		18DFDDC81C326E0300E66ADA /* Info.plist */ = {isa = PBXFileReference; lastKnownFileType = text.plist.xml; path = Info.plist; sourceTree = "<group>"; };
/* End PBXFileReference section */

/* Begin PBXFrameworksBuildPhase section */
		18DFDDB11C326E0300E66ADA /* Frameworks */ = {
			isa = PBXFrameworksBuildPhase;
			buildActionMask = 2147483647;
			files = (
			);
			runOnlyForDeploymentPostprocessing = 0;
		};
/* End PBXFrameworksBuildPhase section */

/* Begin PBXGroup section */
		18DFDDAB1C326E0300E66ADA = {
			isa = PBXGroup;
			children = (
				18DFDDB61C326E0300E66ADA /* abcdefg */,
				18DFDDB51C326E0300E66ADA /* Products */,
			);
			sourceTree = "<group>";
		};
		18DFDDB51C326E0300E66ADA /* Products */ = {
			isa = PBXGroup;
			children = (
				18DFDDB41C326E0300E66ADA /* abcdefg.app */,
			);
			name = Products;
			sourceTree = "<group>";
		};
		18DFDDB61C326E0300E66ADA /* abcdefg */ = {
			isa = PBXGroup;
			children = (
				18DFDDBA1C326E0300E66ADA /* AppDelegate.h */,
				18DFDDBB1C326E0300E66ADA /* AppDelegate.m */,
				18DFDDBD1C326E0300E66ADA /* ViewController.h */,
				18DFDDBE1C326E0300E66ADA /* ViewController.m */,
				18DFDDC01C326E0300E66ADA /* Main.storyboard */,
				18DFDDC31C326E0300E66ADA /* Assets.xcassets */,
				18DFDDC51C326E0300E66ADA /* LaunchScreen.storyboard */,
				18DFDDC81C326E0300E66ADA /* Info.plist */,
				18DFDDB71C326E0300E66ADA /* Supporting Files */,
			);
			path = abcdefg;
			sourceTree = "<group>";
		};
		18DFDDB71C326E0300E66ADA /* Supporting Files */ = {
			isa = PBXGroup;
			children = (
				18DFDDB81C326E0300E66ADA /* main.m */,
			);
			name = "Supporting Files";
			sourceTree = "<group>";
		};
/* End PBXGroup section */

/* Begin PBXNativeTarget section */
		18DFDDB31C326E0300E66ADA /* abcdefg */ = {
			isa = PBXNativeTarget;
			buildConfigurationList = 18DFDDCB1C326E0300E66ADA /* Build configuration list for PBXNativeTarget "abcdefg" */;
			buildPhases = (
				18DFDDB01C326E0300E66ADA /* Sources */,
				18DFDDB11C326E0300E66ADA /* Frameworks */,
				18DFDDB21C326E0300E66ADA /* Resources */,
			);
			buildRules = (
			);
			dependencies = (
			);
			name = abcdefg;
			productName = abcdefg;
			productReference = 18DFDDB41C326E0300E66ADA /* abcdefg.app */;
			productType = "com.apple.product-type.application";
		};
/* End PBXNativeTarget section */

/* Begin PBXProject section */
		18DFDDAC1C326E0300E66ADA /* Project object */ = {
			isa = PBXProject;
			attributes = {
				LastUpgradeCheck = 0710;
				ORGANIZATIONNAME = lxlxf;
				TargetAttributes = {
					18DFDDB31C326E0300E66ADA = {
						CreatedOnToolsVersion = 7.1;
						DevelopmentTeam = 94S4SCUZ2H;
					};
				};
			};
			buildConfigurationList = 18DFDDAF1C326E0300E66ADA /* Build configuration list for PBXProject "abcdefg" */;
			compatibilityVersion = "Xcode 3.2";
			developmentRegion = English;
			hasScannedForEncodings = 0;
			knownRegions = (
				en,
				Base,
			);
			mainGroup = 18DFDDAB1C326E0300E66ADA;
			productRefGroup = 18DFDDB51C326E0300E66ADA /* Products */;
			projectDirPath = "";
			projectRoot = "";
			targets = (
				18DFDDB31C326E0300E66ADA /* abcdefg */,
			);
		};
/* End PBXProject section */

/* Begin PBXResourcesBuildPhase section */
		18DFDDB21C326E0300E66ADA /* Resources */ = {
			isa = PBXResourcesBuildPhase;
			buildActionMask = 2147483647;
			files = (
				18DFDDC71C326E0300E66ADA /* LaunchScreen.storyboard in Resources */,
				18DFDDC41C326E0300E66ADA /* Assets.xcassets in Resources */,
				18DFDDC21C326E0300E66ADA /* Main.storyboard in Resources */,
			);
			runOnlyForDeploymentPostprocessing = 0;
		};
/* End PBXResourcesBuildPhase section */

/* Begin PBXSourcesBuildPhase section */
		18DFDDB01C326E0300E66ADA /* Sources */ = {
			isa = PBXSourcesBuildPhase;
			buildActionMask = 2147483647;
			files = (
				18DFDDBF1C326E0300E66ADA /* ViewController.m in Sources */,
				18DFDDBC1C326E0300E66ADA /* AppDelegate.m in Sources */,
				18DFDDB91C326E0300E66ADA /* main.m in Sources */,
			);
			runOnlyForDeploymentPostprocessing = 0;
		};
/* End PBXSourcesBuildPhase section */

/* Begin PBXVariantGroup section */
		18DFDDC01C326E0300E66ADA /* Main.storyboard */ = {
			isa = PBXVariantGroup;
			children = (
				18DFDDC11C326E0300E66ADA /* Base */,
			);
			name = Main.storyboard;
			sourceTree = "<group>";
		};
		18DFDDC51C326E0300E66ADA /* LaunchScreen.storyboard */ = {
			isa = PBXVariantGroup;
			children = (
				18DFDDC61C326E0300E66ADA /* Base */,
			);
			name = LaunchScreen.storyboard;
			sourceTree = "<group>";
		};
/* End PBXVariantGroup section */

/* Begin XCBuildConfiguration section */
		18DFDDC91C326E0300E66ADA /* Debug */ = {
			isa = XCBuildConfiguration;
			buildSettings = {
				ALWAYS_SEARCH_USER_PATHS = NO;
				CLANG_CXX_LANGUAGE_STANDARD = "gnu++0x";
				CLANG_CXX_LIBRARY = "libc++";
				CLANG_ENABLE_MODULES = YES;
				CLANG_ENABLE_OBJC_ARC = YES;
				CLANG_WARN_BOOL_CONVERSION = YES;
				CLANG_WARN_CONSTANT_CONVERSION = YES;
				CLANG_WARN_DIRECT_OBJC_ISA_USAGE = YES_ERROR;
				CLANG_WARN_EMPTY_BODY = YES;
				CLANG_WARN_ENUM_CONVERSION = YES;
				CLANG_WARN_INT_CONVERSION = YES;
				CLANG_WARN_OBJC_ROOT_CLASS = YES_ERROR;
				CLANG_WARN_UNREACHABLE_CODE = YES;
				CLANG_WARN__DUPLICATE_METHOD_MATCH = YES;
				"CODE_SIGN_IDENTITY[sdk=iphoneos*]" = "iPhone Developer";
				COPY_PHASE_STRIP = NO;
				DEBUG_INFORMATION_FORMAT = dwarf;
				ENABLE_STRICT_OBJC_MSGSEND = YES;
				ENABLE_TESTABILITY = YES;
				GCC_C_LANGUAGE_STANDARD = gnu99;
				GCC_DYNAMIC_NO_PIC = NO;
				GCC_NO_COMMON_BLOCKS = YES;
				GCC_OPTIMIZATION_LEVEL = 0;
				GCC_PREPROCESSOR_DEFINITIONS = (
					"DEBUG=1",
					"$(inherited)",
				);
				GCC_WARN_64_TO_32_BIT_CONVERSION = YES;
				GCC_WARN_ABOUT_RETURN_TYPE = YES_ERROR;
				GCC_WARN_UNDECLARED_SELECTOR = YES;
				GCC_WARN_UNINITIALIZED_AUTOS = YES_AGGRESSIVE;
				GCC_WARN_UNUSED_FUNCTION = YES;
				GCC_WARN_UNUSED_VARIABLE = YES;
				IPHONEOS_DEPLOYMENT_TARGET = 9.1;
				MTL_ENABLE_DEBUG_INFO = YES;
				ONLY_ACTIVE_ARCH = YES;
				SDKROOT = iphoneos;
			};
			name = Debug;
		};
		18DFDDCA1C326E0300E66ADA /* Release */ = {
			isa = XCBuildConfiguration;
			buildSettings = {
				ALWAYS_SEARCH_USER_PATHS = NO;
				CLANG_CXX_LANGUAGE_STANDARD = "gnu++0x";
				CLANG_CXX_LIBRARY = "libc++";
				CLANG_ENABLE_MODULES = YES;
				CLANG_ENABLE_OBJC_ARC = YES;
				CLANG_WARN_BOOL_CONVERSION = YES;
				CLANG_WARN_CONSTANT_CONVERSION = YES;
				CLANG_WARN_DIRECT_OBJC_ISA_USAGE = YES_ERROR;
				CLANG_WARN_EMPTY_BODY = YES;
				CLANG_WARN_ENUM_CONVERSION = YES;
				CLANG_WARN_INT_CONVERSION = YES;
				CLANG_WARN_OBJC_ROOT_CLASS = YES_ERROR;
				CLANG_WARN_UNREACHABLE_CODE = YES;
				CLANG_WARN__DUPLICATE_METHOD_MATCH = YES;
				"CODE_SIGN_IDENTITY[sdk=iphoneos*]" = "iPhone Developer";
				COPY_PHASE_STRIP = NO;
				DEBUG_INFORMATION_FORMAT = "dwarf-with-dsym";
				ENABLE_NS_ASSERTIONS = NO;
				ENABLE_STRICT_OBJC_MSGSEND = YES;
				GCC_C_LANGUAGE_STANDARD = gnu99;
				GCC_NO_COMMON_BLOCKS = YES;
				GCC_WARN_64_TO_32_BIT_CONVERSION = YES;
				GCC_WARN_ABOUT_RETURN_TYPE = YES_ERROR;
				GCC_WARN_UNDECLARED_SELECTOR = YES;
				GCC_WARN_UNINITIALIZED_AUTOS = YES_AGGRESSIVE;
				GCC_WARN_UNUSED_FUNCTION = YES;
				GCC_WARN_UNUSED_VARIABLE = YES;
				IPHONEOS_DEPLOYMENT_TARGET = 9.1;
				MTL_ENABLE_DEBUG_INFO = NO;
				SDKROOT = iphoneos;
				VALIDATE_PRODUCT = YES;
			};
			name = Release;
		};
		18DFDDCC1C326E0300E66ADA /* Debug */ = {
			isa = XCBuildConfiguration;
			buildSettings = {
				ASSETCATALOG_COMPILER_APPICON_NAME = AppIcon;
				INFOPLIST_FILE = abcdefg/Info.plist;
				LD_RUNPATH_SEARCH_PATHS = "$(inherited) @executable_path/Frameworks";
				PRODUCT_BUNDLE_IDENTIFIER = B.com.Tarena.abcdefg;
				PRODUCT_NAME = "$(TARGET_NAME)";
			};
			name = Debug;
		};
		18DFDDCD1C326E0300E66ADA /* Release */ = {
			isa = XCBuildConfiguration;
			buildSettings = {
				ASSETCATALOG_COMPILER_APPICON_NAME = AppIcon;
				INFOPLIST_FILE = abcdefg/Info.plist;
				LD_RUNPATH_SEARCH_PATHS = "$(inherited) @executable_path/Frameworks";
				PRODUCT_BUNDLE_IDENTIFIER = B.com.Tarena.abcdefg;
				PRODUCT_NAME = "$(TARGET_NAME)";
			};
			name = Release;
		};
/* End XCBuildConfiguration section */

/* Begin XCConfigurationList section */
		18DFDDAF1C326E0300E66ADA /* Build configuration list for PBXProject "abcdefg" */ = {
			isa = XCConfigurationList;
			buildConfigurations = (
				18DFDDC91C326E0300E66ADA /* Debug */,
				18DFDDCA1C326E0300E66ADA /* Release */,
			);
			defaultConfigurationIsVisible = 0;
			defaultConfigurationName = Release;
		};
		18DFDDCB1C326E0300E66ADA /* Build configuration list for PBXNativeTarget "abcdefg" */ = {
			isa = XCConfigurationList;
			buildConfigurations = (
				18DFDDCC1C326E0300E66ADA /* Debug */,
				18DFDDCD1C326E0300E66ADA /* Release */,
			);
			defaultConfigurationIsVisible = 0;
		};
/* End XCConfigurationList section */
	};
	rootObject = 18DFDDAC1C326E0300E66ADA /* Project object */;
}
